{
  "originHash" : "56126796427723e8bd7c75674d6b2ac80442e5270aabbc507193c874bde25984",
  "pins" : [
    {
      "identity" : "abseil-cpp-swiftpm",
      "kind" : "remoteSourceControl",
      "location" : "https://github.com/firebase/abseil-cpp-SwiftPM.git",
      "state" : {
        "revision" : "583de9bd60f66b40e78d08599cc92036c2e7e4e1",
        "version" : "0.20220203.2"
      }
    },
    {
      "identity" : "boringssl-swiftpm",
      "kind" : "remoteSourceControl",
      "location" : "https://github.com/firebase/boringssl-SwiftPM.git",
      "state" : {
        "revision" : "dd3eda2b05a3f459fc3073695ad1b28659066eab",
        "version" : "0.9.1"
      }
    },
    {
      "identity" : "collectionconcurrencykit",
      "kind" : "remoteSourceControl",
      "location" : "https://github.com/JohnSundell/CollectionConcurrencyKit.git",
      "state" : {
        "revision" : "b4f23e24b5a1bff301efc5e70871083ca029ff95",
        "version" : "0.2.0"
      }
    },
    {
      "identity" : "cryptoswift",
      "kind" : "remoteSourceControl",
      "location" : "https://github.com/krzyzanowskim/CryptoSwift.git",
      "state" : {
        "revision" : "e45a26384239e028ec87fbcc788f513b67e10d8f",
        "version" : "1.9.0"
      }
    },
    {
      "identity" : "firebase-ios-sdk",
      "kind" : "remoteSourceControl",
      "location" : "https://github.com/firebase/firebase-ios-sdk",
      "state" : {
        "revision" : "7e80c25b51c2ffa238879b07fbfc5baa54bb3050",
        "version" : "9.6.0"
      }
    },
    {
      "identity" : "googleappmeasurement",
      "kind" : "remoteSourceControl",
      "location" : "https://github.com/google/GoogleAppMeasurement.git",
      "state" : {
        "revision" : "c1cfde8067668027b23a42c29d11c246152fe046",
        "version" : "9.6.0"
      }
    },
    {
      "identity" : "googledatatransport",
      "kind" : "remoteSourceControl",
      "location" : "https://github.com/google/GoogleDataTransport.git",
      "state" : {
        "revision" : "a637d318ae7ae246b02d7305121275bc75ed5565",
        "version" : "9.4.0"
      }
    },
    {
      "identity" : "googleutilities",
      "kind" : "remoteSourceControl",
      "location" : "https://github.com/google/GoogleUtilities.git",
      "state" : {
        "revision" : "57a1d307f42df690fdef2637f3e5b776da02aad6",
        "version" : "7.13.3"
      }
    },
    {
      "identity" : "grpc-ios",
      "kind" : "remoteSourceControl",
      "location" : "https://github.com/grpc/grpc-ios.git",
      "state" : {
        "revision" : "8440b914756e0d26d4f4d054a1c1581daedfc5b6",
        "version" : "1.44.3-grpc"
      }
    },
    {
      "identity" : "gtm-session-fetcher",
      "kind" : "remoteSourceControl",
      "location" : "https://github.com/google/gtm-session-fetcher.git",
      "state" : {
        "revision" : "5ccda3981422a84186387dbb763ba739178b529c",
        "version" : "2.3.0"
      }
    },
    {
      "identity" : "kingfisher",
      "kind" : "remoteSourceControl",
      "location" : "https://github.com/onevcat/Kingfisher.git",
      "state" : {
        "revision" : "2ef543ee21d63734e1c004ad6c870255e8716c50",
        "version" : "7.12.0"
      }
    },
    {
      "identity" : "leveldb",
      "kind" : "remoteSourceControl",
      "location" : "https://github.com/firebase/leveldb.git",
      "state" : {
        "revision" : "a0bc79961d7be727d258d33d5a6b2f1023270ba1",
        "version" : "1.22.5"
      }
    },
    {
      "identity" : "nanopb",
      "kind" : "remoteSourceControl",
      "location" : "https://github.com/firebase/nanopb.git",
      "state" : {
        "revision" : "819d0a2173aff699fb8c364b6fb906f7cdb1a692",
        "version" : "2.30909.0"
      }
    },
    {
      "identity" : "promises",
      "kind" : "remoteSourceControl",
      "location" : "https://github.com/google/promises.git",
      "state" : {
        "revision" : "540318ecedd63d883069ae7f1ed811a2df00b6ac",
        "version" : "2.4.0"
      }
    },
    {
      "identity" : "realm-core",
      "kind" : "remoteSourceControl",
      "location" : "https://github.com/realm/realm-core",
      "state" : {
        "revision" : "3c4b86da569368c4ee5ccca2a112d511cc6fa936",
        "version" : "12.11.0"
      }
    },
    {
      "identity" : "realm-swift",
      "kind" : "remoteSourceControl",
      "location" : "https://github.com/realm/realm-swift.git",
      "state" : {
        "revision" : "1f5d97d7c3d4d9696a423542b0819b245fcc3339",
        "version" : "10.32.2"
      }
    },
    {
      "identity" : "snapkit",
      "kind" : "remoteSourceControl",
      "location" : "https://github.com/SnapKit/SnapKit.git",
      "state" : {
        "revision" : "f222cbdf325885926566172f6f5f06af95473158",
        "version" : "5.6.0"
      }
    },
    {
      "identity" : "sourcekitten",
      "kind" : "remoteSourceControl",
      "location" : "https://github.com/jpsim/SourceKitten.git",
      "state" : {
        "revision" : "731ffe6a35344a19bab00cdca1c952d5b4fee4d8",
        "version" : "0.37.2"
      }
    },
    {
      "identity" : "swift-argument-parser",
      "kind" : "remoteSourceControl",
      "location" : "https://github.com/apple/swift-argument-parser.git",
      "state" : {
        "revision" : "c5d11a805e765f52ba34ec7284bd4fcd6ba68615",
        "version" : "1.7.0"
      }
    },
    {
      "identity" : "swift-filename-matcher",
      "kind" : "remoteSourceControl",
      "location" : "https://github.com/ileitch/swift-filename-matcher",
      "state" : {
        "revision" : "eef5ac0b6b3cdc64b3039b037bed2def8a1edaeb",
        "version" : "2.0.1"
      }
    },
    {
      "identity" : "swift-protobuf",
      "kind" : "remoteSourceControl",
      "location" : "https://github.com/apple/swift-protobuf.git",
      "state" : {
        "revision" : "5596511fce902e649c403cd4d6d5da1254f142b7",
        "version" : "1.35.1"
      }
    },
    {
      "identity" : "swift-syntax",
      "kind" : "remoteSourceControl",
      "location" : "https://github.com/swiftlang/swift-syntax.git",
      "state" : {
        "revision" : "65b02a90ad2cc213e09309faeb7f6909e0a8577a",
        "version" : "604.0.0-prerelease-2026-01-20"
      }
    },
    {
      "identity" : "swiftlint",
      "kind" : "remoteSourceControl",
      "location" : "https://github.com/realm/SwiftLint",
      "state" : {
        "revision" : "88952528a590ed366c6f76f6bfb980b5ebdcefc1",
        "version" : "0.63.2"
      }
    },
    {
      "identity" : "swiftytexttable",
      "kind" : "remoteSourceControl",
      "location" : "https://github.com/scottrhoyt/SwiftyTextTable.git",
      "state" : {
        "revision" : "c6df6cf533d120716bff38f8ff9885e1ce2a4ac3",
        "version" : "0.9.0"
      }
    },
    {
      "identity" : "swxmlhash",
      "kind" : "remoteSourceControl",
      "location" : "https://github.com/drmohundro/SWXMLHash.git",
      "state" : {
        "revision" : "a853604c9e9a83ad9954c7e3d2a565273982471f",
        "version" : "7.0.2"
      }
    },
    {
      "identity" : "yams",
      "kind" : "remoteSourceControl",
      "location" : "https://github.com/jpsim/Yams.git",
      "state" : {
        "revision" : "deaf82e867fa2cbd3cd865978b079bfcf384ac28",
        "version" : "6.2.1"
      }
    }
  ],
  "version" : 3
}
