// !$*UTF8*$!
{
	archiveVersion = 1;
	classes = {
	};
	objectVersion = 56;
	objects = {

/* Begin PBXBuildFile section */
		F32DF1E92911913C00602638 /* ProductDetailView.swift in Sources */ = {isa = PBXBuildFile; fileRef = F32DF1E82911913C00602638 /* ProductDetailView.swift */; };
		F32DF1EB2911A33B00602638 /* ProductDetailViewController.swift in Sources */ = {isa = PBXBuildFile; fileRef = F32DF1EA2911A33B00602638 /* ProductDetailViewController.swift */; };
		F34CC42129158271000128FE /* GoogleService-Info.plist in Resources */ = {isa = PBXBuildFile; fileRef = F34CC42029158271000128FE /* GoogleService-Info.plist */; };
		F34CC424291582E5000128FE /* FirebaseAuth in Frameworks */ = {isa = PBXBuildFile; productRef = F34CC423291582E5000128FE /* FirebaseAuth */; };
		F34CC426291584D0000128FE /* AuthViewModel.swift in Sources */ = {isa = PBXBuildFile; fileRef = F34CC425291584D0000128FE /* AuthViewModel.swift */; };
		F34CC42929168A7E000128FE /* UserEntity.swift in Sources */ = {isa = PBXBuildFile; fileRef = F34CC42829168A7E000128FE /* UserEntity.swift */; };
		F34CC44029170DD8000128FE /* MainTabBarController.swift in Sources */ = {isa = PBXBuildFile; fileRef = F34CC43F29170DD8000128FE /* MainTabBarController.swift */; };
		F369F60B29127F2B0011850B /* AddToCartView.swift in Sources */ = {isa = PBXBuildFile; fileRef = F369F60A29127F2B0011850B /* AddToCartView.swift */; };
		F369F60D29127FFA0011850B /* AddToCartViewController.swift in Sources */ = {isa = PBXBuildFile; fileRef = F369F60C29127FFA0011850B /* AddToCartViewController.swift */; };
		F37578052914452D0017B045 /* ShoppingAppAPI.framework in Frameworks */ = {isa = PBXBuildFile; fileRef = F37578042914452D0017B045 /* ShoppingAppAPI.framework */; };
		F3757808291445920017B045 /* Product.swift in Sources */ = {isa = PBXBuildFile; fileRef = F3757807291445920017B045 /* Product.swift */; };
		F375781C29152E9C0017B045 /* RealmReacheable.swift in Sources */ = {isa = PBXBuildFile; fileRef = F375781B29152E9C0017B045 /* RealmReacheable.swift */; };
		F375781F29152EFF0017B045 /* Realm in Frameworks */ = {isa = PBXBuildFile; productRef = F375781E29152EFF0017B045 /* Realm */; };
		F375782129152EFF0017B045 /* RealmSwift in Frameworks */ = {isa = PBXBuildFile; productRef = F375782029152EFF0017B045 /* RealmSwift */; };
		F375782329152FFF0017B045 /* ProductEntity.swift in Sources */ = {isa = PBXBuildFile; fileRef = F375782229152FFF0017B045 /* ProductEntity.swift */; };
		F3757825291530070017B045 /* RatingEntity.swift in Sources */ = {isa = PBXBuildFile; fileRef = F3757824291530070017B045 /* RatingEntity.swift */; };
		F3757829291537AB0017B045 /* products.json in Resources */ = {isa = PBXBuildFile; fileRef = F3757828291537AB0017B045 /* products.json */; };
		F375782F2915403F0017B045 /* AuthView.swift in Sources */ = {isa = PBXBuildFile; fileRef = F375782E2915403F0017B045 /* AuthView.swift */; };
		F37578312915494A0017B045 /* AuthViewController.swift in Sources */ = {isa = PBXBuildFile; fileRef = F37578302915494A0017B045 /* AuthViewController.swift */; };
		F39B4D99290EF2C100F84F4A /* AppDelegate.swift in Sources */ = {isa = PBXBuildFile; fileRef = F39B4D98290EF2C100F84F4A /* AppDelegate.swift */; };
		F39B4DA2290EF2C200F84F4A /* Assets.xcassets in Resources */ = {isa = PBXBuildFile; fileRef = F39B4DA1290EF2C200F84F4A /* Assets.xcassets */; };
		F39B4DA5290EF2C200F84F4A /* LaunchScreen.storyboard in Resources */ = {isa = PBXBuildFile; fileRef = F39B4DA3290EF2C200F84F4A /* LaunchScreen.storyboard */; };
		F39B4DBA290F154E00F84F4A /* ProductsView.swift in Sources */ = {isa = PBXBuildFile; fileRef = F39B4DB9290F154E00F84F4A /* ProductsView.swift */; };
		F39B4DBC290F156500F84F4A /* ProductsViewController.swift in Sources */ = {isa = PBXBuildFile; fileRef = F39B4DBB290F156500F84F4A /* ProductsViewController.swift */; };
		F39B4DBE290F158100F84F4A /* ProductsViewModel.swift in Sources */ = {isa = PBXBuildFile; fileRef = F39B4DBD290F158100F84F4A /* ProductsViewModel.swift */; };
		F39B4DC1290F1AAE00F84F4A /* SnapKit in Frameworks */ = {isa = PBXBuildFile; productRef = F39B4DC0290F1AAE00F84F4A /* SnapKit */; };
		F39B4DC52910061A00F84F4A /* ProductsCollectionViewCell.swift in Sources */ = {isa = PBXBuildFile; fileRef = F39B4DC42910061A00F84F4A /* ProductsCollectionViewCell.swift */; };
		F39B4DC829100D3800F84F4A /* Kingfisher in Frameworks */ = {isa = PBXBuildFile; productRef = F39B4DC729100D3800F84F4A /* Kingfisher */; };
		F39F106D2917B6500047A85B /* LaunchView.swift in Sources */ = {isa = PBXBuildFile; fileRef = F39F106C2917B6500047A85B /* LaunchView.swift */; };
		F39F106F2917B65B0047A85B /* LaunchViewController.swift in Sources */ = {isa = PBXBuildFile; fileRef = F39F106E2917B65B0047A85B /* LaunchViewController.swift */; };
/* End PBXBuildFile section */

/* Begin PBXFileReference section */
		F32DF1E82911913C00602638 /* ProductDetailView.swift */ = {isa = PBXFileReference; lastKnownFileType = sourcecode.swift; path = ProductDetailView.swift; sourceTree = "<group>"; };
		F32DF1EA2911A33B00602638 /* ProductDetailViewController.swift */ = {isa = PBXFileReference; lastKnownFileType = sourcecode.swift; path = ProductDetailViewController.swift; sourceTree = "<group>"; };
		F34CC42029158271000128FE /* GoogleService-Info.plist */ = {isa = PBXFileReference; fileEncoding = 4; lastKnownFileType = text.plist.xml; path = "GoogleService-Info.plist"; sourceTree = "<group>"; };
		F34CC425291584D0000128FE /* AuthViewModel.swift */ = {isa = PBXFileReference; lastKnownFileType = sourcecode.swift; path = AuthViewModel.swift; sourceTree = "<group>"; };
		F34CC42829168A7E000128FE /* UserEntity.swift */ = {isa = PBXFileReference; lastKnownFileType = sourcecode.swift; path = UserEntity.swift; sourceTree = "<group>"; };
		F34CC43F29170DD8000128FE /* MainTabBarController.swift */ = {isa = PBXFileReference; fileEncoding = 4; lastKnownFileType = sourcecode.swift; path = MainTabBarController.swift; sourceTree = "<group>"; };
		F369F60A29127F2B0011850B /* AddToCartView.swift */ = {isa = PBXFileReference; lastKnownFileType = sourcecode.swift; path = AddToCartView.swift; sourceTree = "<group>"; };
		F369F60C29127FFA0011850B /* AddToCartViewController.swift */ = {isa = PBXFileReference; lastKnownFileType = sourcecode.swift; path = AddToCartViewController.swift; sourceTree = "<group>"; };
		F37578042914452D0017B045 /* ShoppingAppAPI.framework */ = {isa = PBXFileReference; explicitFileType = wrapper.framework; path = ShoppingAppAPI.framework; sourceTree = BUILT_PRODUCTS_DIR; };
		F3757807291445920017B045 /* Product.swift */ = {isa = PBXFileReference; lastKnownFileType = sourcecode.swift; path = Product.swift; sourceTree = "<group>"; };
		F375781B29152E9C0017B045 /* RealmReacheable.swift */ = {isa = PBXFileReference; lastKnownFileType = sourcecode.swift; path = RealmReacheable.swift; sourceTree = "<group>"; };
		F375782229152FFF0017B045 /* ProductEntity.swift */ = {isa = PBXFileReference; lastKnownFileType = sourcecode.swift; path = ProductEntity.swift; sourceTree = "<group>"; };
		F3757824291530070017B045 /* RatingEntity.swift */ = {isa = PBXFileReference; lastKnownFileType = sourcecode.swift; path = RatingEntity.swift; sourceTree = "<group>"; };
		F3757828291537AB0017B045 /* products.json */ = {isa = PBXFileReference; fileEncoding = 4; lastKnownFileType = text.json; name = products.json; path = ../../../../../Downloads/products.json; sourceTree = "<group>"; };
		F375782E2915403F0017B045 /* AuthView.swift */ = {isa = PBXFileReference; lastKnownFileType = sourcecode.swift; path = AuthView.swift; sourceTree = "<group>"; };
		F37578302915494A0017B045 /* AuthViewController.swift */ = {isa = PBXFileReference; lastKnownFileType = sourcecode.swift; path = AuthViewController.swift; sourceTree = "<group>"; };
		F39B4D95290EF2C100F84F4A /* Shopping App.app */ = {isa = PBXFileReference; explicitFileType = wrapper.application; includeInIndex = 0; path = "Shopping App.app"; sourceTree = BUILT_PRODUCTS_DIR; };
		F39B4D98290EF2C100F84F4A /* AppDelegate.swift */ = {isa = PBXFileReference; lastKnownFileType = sourcecode.swift; path = AppDelegate.swift; sourceTree = "<group>"; };
		F39B4DA1290EF2C200F84F4A /* Assets.xcassets */ = {isa = PBXFileReference; lastKnownFileType = folder.assetcatalog; path = Assets.xcassets; sourceTree = "<group>"; };
		F39B4DA4290EF2C200F84F4A /* Base */ = {isa = PBXFileReference; lastKnownFileType = file.storyboard; name = Base; path = Base.lproj/LaunchScreen.storyboard; sourceTree = "<group>"; };
		F39B4DA6290EF2C200F84F4A /* Info.plist */ = {isa = PBXFileReference; lastKnownFileType = text.plist.xml; path = Info.plist; sourceTree = "<group>"; };
		F39B4DB9290F154E00F84F4A /* ProductsView.swift */ = {isa = PBXFileReference; lastKnownFileType = sourcecode.swift; path = ProductsView.swift; sourceTree = "<group>"; };
		F39B4DBB290F156500F84F4A /* ProductsViewController.swift */ = {isa = PBXFileReference; lastKnownFileType = sourcecode.swift; path = ProductsViewController.swift; sourceTree = "<group>"; };
		F39B4DBD290F158100F84F4A /* ProductsViewModel.swift */ = {isa = PBXFileReference; lastKnownFileType = sourcecode.swift; path = ProductsViewModel.swift; sourceTree = "<group>"; };
		F39B4DC42910061A00F84F4A /* ProductsCollectionViewCell.swift */ = {isa = PBXFileReference; lastKnownFileType = sourcecode.swift; path = ProductsCollectionViewCell.swift; sourceTree = "<group>"; };
		F39F106C2917B6500047A85B /* LaunchView.swift */ = {isa = PBXFileReference; lastKnownFileType = sourcecode.swift; path = LaunchView.swift; sourceTree = "<group>"; };
		F39F106E2917B65B0047A85B /* LaunchViewController.swift */ = {isa = PBXFileReference; lastKnownFileType = sourcecode.swift; path = LaunchViewController.swift; sourceTree = "<group>"; };
/* End PBXFileReference section */

/* Begin PBXFrameworksBuildPhase section */
		F39B4D92290EF2C100F84F4A /* Frameworks */ = {
			isa = PBXFrameworksBuildPhase;
			buildActionMask = 2147483647;
			files = (
				F37578052914452D0017B045 /* ShoppingAppAPI.framework in Frameworks */,
				F34CC424291582E5000128FE /* FirebaseAuth in Frameworks */,
				F39B4DC829100D3800F84F4A /* Kingfisher in Frameworks */,
				F375781F29152EFF0017B045 /* Realm in Frameworks */,
				F375782129152EFF0017B045 /* RealmSwift in Frameworks */,
				F39B4DC1290F1AAE00F84F4A /* SnapKit in Frameworks */,
			);
			runOnlyForDeploymentPostprocessing = 0;
		};
/* End PBXFrameworksBuildPhase section */

/* Begin PBXGroup section */
		F34CC42729168A75000128FE /* Model */ = {
			isa = PBXGroup;
			children = (
				F34CC42829168A7E000128FE /* UserEntity.swift */,
			);
			path = Model;
			sourceTree = "<group>";
		};
		F34CC43D29170DD8000128FE /* Main */ = {
			isa = PBXGroup;
			children = (
				F34CC43E29170DD8000128FE /* ViewController */,
			);
			path = Main;
			sourceTree = "<group>";
		};
		F34CC43E29170DD8000128FE /* ViewController */ = {
			isa = PBXGroup;
			children = (
				F34CC43F29170DD8000128FE /* MainTabBarController.swift */,
			);
			path = ViewController;
			sourceTree = "<group>";
		};
		F3757803291445270017B045 /* Frameworks */ = {
			isa = PBXGroup;
			children = (
				F37578042914452D0017B045 /* ShoppingAppAPI.framework */,
			);
			name = Frameworks;
			sourceTree = "<group>";
		};
		F3757806291445880017B045 /* Model */ = {
			isa = PBXGroup;
			children = (
				F3757807291445920017B045 /* Product.swift */,
				F375782229152FFF0017B045 /* ProductEntity.swift */,
				F3757824291530070017B045 /* RatingEntity.swift */,
			);
			path = Model;
			sourceTree = "<group>";
		};
		F375781929152D920017B045 /* Core */ = {
			isa = PBXGroup;
			children = (
				F375781A29152D950017B045 /* Protocols */,
			);
			path = Core;
			sourceTree = "<group>";
		};
		F375781A29152D950017B045 /* Protocols */ = {
			isa = PBXGroup;
			children = (
				F375781B29152E9C0017B045 /* RealmReacheable.swift */,
			);
			path = Protocols;
			sourceTree = "<group>";
		};
		F37578272915378F0017B045 /* Mock Data */ = {
			isa = PBXGroup;
			children = (
				F3757828291537AB0017B045 /* products.json */,
			);
			path = "Mock Data";
			sourceTree = "<group>";
		};
		F375782A29153F7F0017B045 /* Authentication */ = {
			isa = PBXGroup;
			children = (
				F34CC42729168A75000128FE /* Model */,
				F375782D29153FC70017B045 /* ViewModel */,
				F375782C29153FC40017B045 /* Controller */,
				F375782B29153FC10017B045 /* View */,
			);
			path = Authentication;
			sourceTree = "<group>";
		};
		F375782B29153FC10017B045 /* View */ = {
			isa = PBXGroup;
			children = (
				F375782E2915403F0017B045 /* AuthView.swift */,
			);
			path = View;
			sourceTree = "<group>";
		};
		F375782C29153FC40017B045 /* Controller */ = {
			isa = PBXGroup;
			children = (
				F37578302915494A0017B045 /* AuthViewController.swift */,
			);
			path = Controller;
			sourceTree = "<group>";
		};
		F375782D29153FC70017B045 /* ViewModel */ = {
			isa = PBXGroup;
			children = (
				F34CC425291584D0000128FE /* AuthViewModel.swift */,
			);
			path = ViewModel;
			sourceTree = "<group>";
		};
		F39B4D8C290EF2C100F84F4A = {
			isa = PBXGroup;
			children = (
				F39B4D97290EF2C100F84F4A /* Shopping App */,
				F37578272915378F0017B045 /* Mock Data */,
				F39B4D96290EF2C100F84F4A /* Products */,
				F3757803291445270017B045 /* Frameworks */,
			);
			sourceTree = "<group>";
		};
		F39B4D96290EF2C100F84F4A /* Products */ = {
			isa = PBXGroup;
			children = (
				F39B4D95290EF2C100F84F4A /* Shopping App.app */,
			);
			name = Products;
			sourceTree = "<group>";
		};
		F39B4D97290EF2C100F84F4A /* Shopping App */ = {
			isa = PBXGroup;
			children = (
				F39B4DAD290F036D00F84F4A /* App */,
				F39B4DAE290F037100F84F4A /* Screens */,
			);
			path = "Shopping App";
			sourceTree = "<group>";
		};
		F39B4DAD290F036D00F84F4A /* App */ = {
			isa = PBXGroup;
			children = (
				F375781929152D920017B045 /* Core */,
				F39B4DB2290F03BC00F84F4A /* Plists */,
				F39B4DB1290F03AF00F84F4A /* Assets */,
				F39B4DB0290F039F00F84F4A /* Views */,
				F39B4DAF290F038F00F84F4A /* Delegates */,
			);
			path = App;
			sourceTree = "<group>";
		};
		F39B4DAE290F037100F84F4A /* Screens */ = {
			isa = PBXGroup;
			children = (
				F39F10692917B62C0047A85B /* Launch */,
				F34CC43D29170DD8000128FE /* Main */,
				F375782A29153F7F0017B045 /* Authentication */,
				F39B4DB3290F0A9200F84F4A /* Products */,
			);
			path = Screens;
			sourceTree = "<group>";
		};
		F39B4DAF290F038F00F84F4A /* Delegates */ = {
			isa = PBXGroup;
			children = (
				F39B4D98290EF2C100F84F4A /* AppDelegate.swift */,
			);
			path = Delegates;
			sourceTree = "<group>";
		};
		F39B4DB0290F039F00F84F4A /* Views */ = {
			isa = PBXGroup;
			children = (
				F39B4DA3290EF2C200F84F4A /* LaunchScreen.storyboard */,
			);
			path = Views;
			sourceTree = "<group>";
		};
		F39B4DB1290F03AF00F84F4A /* Assets */ = {
			isa = PBXGroup;
			children = (
				F39B4DA1290EF2C200F84F4A /* Assets.xcassets */,
			);
			path = Assets;
			sourceTree = "<group>";
		};
		F39B4DB2290F03BC00F84F4A /* Plists */ = {
			isa = PBXGroup;
			children = (
				F39B4DA6290EF2C200F84F4A /* Info.plist */,
				F34CC42029158271000128FE /* GoogleService-Info.plist */,
			);
			path = Plists;
			sourceTree = "<group>";
		};
		F39B4DB3290F0A9200F84F4A /* Products */ = {
			isa = PBXGroup;
			children = (
				F3757806291445880017B045 /* Model */,
				F39B4DB6290F0B2700F84F4A /* View */,
				F39B4DB5290F0B2100F84F4A /* Controller */,
				F39B4DB4290F0B1A00F84F4A /* ViewModel */,
			);
			path = Products;
			sourceTree = "<group>";
		};
		F39B4DB4290F0B1A00F84F4A /* ViewModel */ = {
			isa = PBXGroup;
			children = (
				F39B4DBD290F158100F84F4A /* ProductsViewModel.swift */,
			);
			path = ViewModel;
			sourceTree = "<group>";
		};
		F39B4DB5290F0B2100F84F4A /* Controller */ = {
			isa = PBXGroup;
			children = (
				F39B4DBB290F156500F84F4A /* ProductsViewController.swift */,
				F32DF1EA2911A33B00602638 /* ProductDetailViewController.swift */,
				F369F60C29127FFA0011850B /* AddToCartViewController.swift */,
			);
			path = Controller;
			sourceTree = "<group>";
		};
		F39B4DB6290F0B2700F84F4A /* View */ = {
			isa = PBXGroup;
			children = (
				F39B4DB9290F154E00F84F4A /* ProductsView.swift */,
				F39B4DC42910061A00F84F4A /* ProductsCollectionViewCell.swift */,
				F32DF1E82911913C00602638 /* ProductDetailView.swift */,
				F369F60A29127F2B0011850B /* AddToCartView.swift */,
			);
			path = View;
			sourceTree = "<group>";
		};
		F39F10692917B62C0047A85B /* Launch */ = {
			isa = PBXGroup;
			children = (
				F39F106B2917B63A0047A85B /* ViewController */,
				F39F106A2917B6380047A85B /* View */,
			);
			path = Launch;
			sourceTree = "<group>";
		};
		F39F106A2917B6380047A85B /* View */ = {
			isa = PBXGroup;
			children = (
				F39F106C2917B6500047A85B /* LaunchView.swift */,
			);
			path = View;
			sourceTree = "<group>";
		};
		F39F106B2917B63A0047A85B /* ViewController */ = {
			isa = PBXGroup;
			children = (
				F39F106E2917B65B0047A85B /* LaunchViewController.swift */,
			);
			path = ViewController;
			sourceTree = "<group>";
		};
/* End PBXGroup section */

/* Begin PBXNativeTarget section */
		F39B4D94290EF2C100F84F4A /* Shopping App */ = {
			isa = PBXNativeTarget;
			buildConfigurationList = F39B4DA9290EF2C200F84F4A /* Build configuration list for PBXNativeTarget "Shopping App" */;
			buildPhases = (
				F39B4D91290EF2C100F84F4A /* Sources */,
				F39B4D92290EF2C100F84F4A /* Frameworks */,
				F39B4D93290EF2C100F84F4A /* Resources */,
			);
			buildRules = (
			);
			dependencies = (
			);
			name = "Shopping App";
			packageProductDependencies = (
				F39B4DC0290F1AAE00F84F4A /* SnapKit */,
				F39B4DC729100D3800F84F4A /* Kingfisher */,
				F375781E29152EFF0017B045 /* Realm */,
				F375782029152EFF0017B045 /* RealmSwift */,
				F34CC423291582E5000128FE /* FirebaseAuth */,
			);
			productName = "Shopping App";
			productReference = F39B4D95290EF2C100F84F4A /* Shopping App.app */;
			productType = "com.apple.product-type.application";
		};
/* End PBXNativeTarget section */

/* Begin PBXProject section */
		F39B4D8D290EF2C100F84F4A /* Project object */ = {
			isa = PBXProject;
			attributes = {
				BuildIndependentTargetsInParallel = 1;
				LastSwiftUpdateCheck = 1400;
				LastUpgradeCheck = 1400;
				TargetAttributes = {
					F39B4D94290EF2C100F84F4A = {
						CreatedOnToolsVersion = 14.0.1;
					};
				};
			};
			buildConfigurationList = F39B4D90290EF2C100F84F4A /* Build configuration list for PBXProject "Shopping App" */;
			compatibilityVersion = "Xcode 14.0";
			developmentRegion = en;
			hasScannedForEncodings = 0;
			knownRegions = (
				en,
				Base,
			);
			mainGroup = F39B4D8C290EF2C100F84F4A;
			packageReferences = (
				F39B4DBF290F1AAE00F84F4A /* XCRemoteSwiftPackageReference "SnapKit" */,
				F39B4DC629100D3800F84F4A /* XCRemoteSwiftPackageReference "Kingfisher" */,
				F375781D29152EFE0017B045 /* XCRemoteSwiftPackageReference "realm-swift" */,
				F34CC422291582E5000128FE /* XCRemoteSwiftPackageReference "firebase-ios-sdk" */,
			);
			productRefGroup = F39B4D96290EF2C100F84F4A /* Products */;
			projectDirPath = "";
			projectRoot = "";
			targets = (
				F39B4D94290EF2C100F84F4A /* Shopping App */,
			);
		};
/* End PBXProject section */

/* Begin PBXResourcesBuildPhase section */
		F39B4D93290EF2C100F84F4A /* Resources */ = {
			isa = PBXResourcesBuildPhase;
			buildActionMask = 2147483647;
			files = (
				F3757829291537AB0017B045 /* products.json in Resources */,
				F34CC42129158271000128FE /* GoogleService-Info.plist in Resources */,
				F39B4DA5290EF2C200F84F4A /* LaunchScreen.storyboard in Resources */,
				F39B4DA2290EF2C200F84F4A /* Assets.xcassets in Resources */,
			);
			runOnlyForDeploymentPostprocessing = 0;
		};
/* End PBXResourcesBuildPhase section */

/* Begin PBXSourcesBuildPhase section */
		F39B4D91290EF2C100F84F4A /* Sources */ = {
			isa = PBXSourcesBuildPhase;
			buildActionMask = 2147483647;
			files = (
				F375782F2915403F0017B045 /* AuthView.swift in Sources */,
				F375782329152FFF0017B045 /* ProductEntity.swift in Sources */,
				F34CC44029170DD8000128FE /* MainTabBarController.swift in Sources */,
				F39B4DBC290F156500F84F4A /* ProductsViewController.swift in Sources */,
				F32DF1E92911913C00602638 /* ProductDetailView.swift in Sources */,
				F369F60B29127F2B0011850B /* AddToCartView.swift in Sources */,
				F369F60D29127FFA0011850B /* AddToCartViewController.swift in Sources */,
				F39F106D2917B6500047A85B /* LaunchView.swift in Sources */,
				F39B4DC52910061A00F84F4A /* ProductsCollectionViewCell.swift in Sources */,
				F34CC42929168A7E000128FE /* UserEntity.swift in Sources */,
				F37578312915494A0017B045 /* AuthViewController.swift in Sources */,
				F39F106F2917B65B0047A85B /* LaunchViewController.swift in Sources */,
				F39B4DBA290F154E00F84F4A /* ProductsView.swift in Sources */,
				F39B4DBE290F158100F84F4A /* ProductsViewModel.swift in Sources */,
				F3757825291530070017B045 /* RatingEntity.swift in Sources */,
				F3757808291445920017B045 /* Product.swift in Sources */,
				F34CC426291584D0000128FE /* AuthViewModel.swift in Sources */,
				F32DF1EB2911A33B00602638 /* ProductDetailViewController.swift in Sources */,
				F375781C29152E9C0017B045 /* RealmReacheable.swift in Sources */,
				F39B4D99290EF2C100F84F4A /* AppDelegate.swift in Sources */,
			);
			runOnlyForDeploymentPostprocessing = 0;
		};
/* End PBXSourcesBuildPhase section */

/* Begin PBXVariantGroup section */
		F39B4DA3290EF2C200F84F4A /* LaunchScreen.storyboard */ = {
			isa = PBXVariantGroup;
			children = (
				F39B4DA4290EF2C200F84F4A /* Base */,
			);
			name = LaunchScreen.storyboard;
			sourceTree = "<group>";
		};
/* End PBXVariantGroup section */

/* Begin XCBuildConfiguration section */
		F39B4DA7290EF2C200F84F4A /* Debug */ = {
			isa = XCBuildConfiguration;
			buildSettings = {
				ALWAYS_SEARCH_USER_PATHS = NO;
				CLANG_ANALYZER_NONNULL = YES;
				CLANG_ANALYZER_NUMBER_OBJECT_CONVERSION = YES_AGGRESSIVE;
				CLANG_CXX_LANGUAGE_STANDARD = "gnu++20";
				CLANG_ENABLE_MODULES = YES;
				CLANG_ENABLE_OBJC_ARC = YES;
				CLANG_ENABLE_OBJC_WEAK = YES;
				CLANG_WARN_BLOCK_CAPTURE_AUTORELEASING = YES;
				CLANG_WARN_BOOL_CONVERSION = YES;
				CLANG_WARN_COMMA = YES;
				CLANG_WARN_CONSTANT_CONVERSION = YES;
				CLANG_WARN_DEPRECATED_OBJC_IMPLEMENTATIONS = YES;
				CLANG_WARN_DIRECT_OBJC_ISA_USAGE = YES_ERROR;
				CLANG_WARN_DOCUMENTATION_COMMENTS = YES;
				CLANG_WARN_EMPTY_BODY = YES;
				CLANG_WARN_ENUM_CONVERSION = YES;
				CLANG_WARN_INFINITE_RECURSION = YES;
				CLANG_WARN_INT_CONVERSION = YES;
				CLANG_WARN_NON_LITERAL_NULL_CONVERSION = YES;
				CLANG_WARN_OBJC_IMPLICIT_RETAIN_SELF = YES;
				CLANG_WARN_OBJC_LITERAL_CONVERSION = YES;
				CLANG_WARN_OBJC_ROOT_CLASS = YES_ERROR;
				CLANG_WARN_QUOTED_INCLUDE_IN_FRAMEWORK_HEADER = YES;
				CLANG_WARN_RANGE_LOOP_ANALYSIS = YES;
				CLANG_WARN_STRICT_PROTOTYPES = YES;
				CLANG_WARN_SUSPICIOUS_MOVE = YES;
				CLANG_WARN_UNGUARDED_AVAILABILITY = YES_AGGRESSIVE;
				CLANG_WARN_UNREACHABLE_CODE = YES;
				CLANG_WARN__DUPLICATE_METHOD_MATCH = YES;
				COPY_PHASE_STRIP = NO;
				DEBUG_INFORMATION_FORMAT = dwarf;
				ENABLE_STRICT_OBJC_MSGSEND = YES;
				ENABLE_TESTABILITY = YES;
				GCC_C_LANGUAGE_STANDARD = gnu11;
				GCC_DYNAMIC_NO_PIC = NO;
				GCC_NO_COMMON_BLOCKS = YES;
				GCC_OPTIMIZATION_LEVEL = 0;
				GCC_PREPROCESSOR_DEFINITIONS = (
					"DEBUG=1",
					"$(inherited)",
				);
				GCC_WARN_64_TO_32_BIT_CONVERSION = YES;
				GCC_WARN_ABOUT_RETURN_TYPE = YES_ERROR;
				GCC_WARN_UNDECLARED_SELECTOR = YES;
				GCC_WARN_UNINITIALIZED_AUTOS = YES_AGGRESSIVE;
				GCC_WARN_UNUSED_FUNCTION = YES;
				GCC_WARN_UNUSED_VARIABLE = YES;
				IPHONEOS_DEPLOYMENT_TARGET = 12.0;
				MTL_ENABLE_DEBUG_INFO = INCLUDE_SOURCE;
				MTL_FAST_MATH = YES;
				ONLY_ACTIVE_ARCH = YES;
				SDKROOT = iphoneos;
				SWIFT_ACTIVE_COMPILATION_CONDITIONS = DEBUG;
				SWIFT_OPTIMIZATION_LEVEL = "-Onone";
			};
			name = Debug;
		};
		F39B4DA8290EF2C200F84F4A /* Release */ = {
			isa = XCBuildConfiguration;
			buildSettings = {
				ALWAYS_SEARCH_USER_PATHS = NO;
				CLANG_ANALYZER_NONNULL = YES;
				CLANG_ANALYZER_NUMBER_OBJECT_CONVERSION = YES_AGGRESSIVE;
				CLANG_CXX_LANGUAGE_STANDARD = "gnu++20";
				CLANG_ENABLE_MODULES = YES;
				CLANG_ENABLE_OBJC_ARC = YES;
				CLANG_ENABLE_OBJC_WEAK = YES;
				CLANG_WARN_BLOCK_CAPTURE_AUTORELEASING = YES;
				CLANG_WARN_BOOL_CONVERSION = YES;
				CLANG_WARN_COMMA = YES;
				CLANG_WARN_CONSTANT_CONVERSION = YES;
				CLANG_WARN_DEPRECATED_OBJC_IMPLEMENTATIONS = YES;
				CLANG_WARN_DIRECT_OBJC_ISA_USAGE = YES_ERROR;
				CLANG_WARN_DOCUMENTATION_COMMENTS = YES;
				CLANG_WARN_EMPTY_BODY = YES;
				CLANG_WARN_ENUM_CONVERSION = YES;
				CLANG_WARN_INFINITE_RECURSION = YES;
				CLANG_WARN_INT_CONVERSION = YES;
				CLANG_WARN_NON_LITERAL_NULL_CONVERSION = YES;
				CLANG_WARN_OBJC_IMPLICIT_RETAIN_SELF = YES;
				CLANG_WARN_OBJC_LITERAL_CONVERSION = YES;
				CLANG_WARN_OBJC_ROOT_CLASS = YES_ERROR;
				CLANG_WARN_QUOTED_INCLUDE_IN_FRAMEWORK_HEADER = YES;
				CLANG_WARN_RANGE_LOOP_ANALYSIS = YES;
				CLANG_WARN_STRICT_PROTOTYPES = YES;
				CLANG_WARN_SUSPICIOUS_MOVE = YES;
				CLANG_WARN_UNGUARDED_AVAILABILITY = YES_AGGRESSIVE;
				CLANG_WARN_UNREACHABLE_CODE = YES;
				CLANG_WARN__DUPLICATE_METHOD_MATCH = YES;
				COPY_PHASE_STRIP = NO;
				DEBUG_INFORMATION_FORMAT = "dwarf-with-dsym";
				ENABLE_NS_ASSERTIONS = NO;
				ENABLE_STRICT_OBJC_MSGSEND = YES;
				GCC_C_LANGUAGE_STANDARD = gnu11;
				GCC_NO_COMMON_BLOCKS = YES;
				GCC_WARN_64_TO_32_BIT_CONVERSION = YES;
				GCC_WARN_ABOUT_RETURN_TYPE = YES_ERROR;
				GCC_WARN_UNDECLARED_SELECTOR = YES;
				GCC_WARN_UNINITIALIZED_AUTOS = YES_AGGRESSIVE;
				GCC_WARN_UNUSED_FUNCTION = YES;
				GCC_WARN_UNUSED_VARIABLE = YES;
				IPHONEOS_DEPLOYMENT_TARGET = 12.0;
				MTL_ENABLE_DEBUG_INFO = NO;
				MTL_FAST_MATH = YES;
				SDKROOT = iphoneos;
				SWIFT_COMPILATION_MODE = wholemodule;
				SWIFT_OPTIMIZATION_LEVEL = "-O";
				VALIDATE_PRODUCT = YES;
			};
			name = Release;
		};
		F39B4DAA290EF2C200F84F4A /* Debug */ = {
			isa = XCBuildConfiguration;
			buildSettings = {
				ASSETCATALOG_COMPILER_APPICON_NAME = AppIcon;
				ASSETCATALOG_COMPILER_GLOBAL_ACCENT_COLOR_NAME = AccentColor;
				CODE_SIGN_STYLE = Automatic;
				CURRENT_PROJECT_VERSION = 1;
				DEVELOPMENT_TEAM = 44R27BB6SM;
				GENERATE_INFOPLIST_FILE = YES;
				INFOPLIST_FILE = "Shopping App/App/Plists/Info.plist";
				INFOPLIST_KEY_UIApplicationSupportsIndirectInputEvents = YES;
				INFOPLIST_KEY_UILaunchStoryboardName = LaunchScreen;
				INFOPLIST_KEY_UISupportedInterfaceOrientations_iPad = "UIInterfaceOrientationPortrait UIInterfaceOrientationPortraitUpsideDown UIInterfaceOrientationLandscapeLeft UIInterfaceOrientationLandscapeRight";
				INFOPLIST_KEY_UISupportedInterfaceOrientations_iPhone = "UIInterfaceOrientationPortrait UIInterfaceOrientationLandscapeLeft UIInterfaceOrientationLandscapeRight";
				IPHONEOS_DEPLOYMENT_TARGET = 12.0;
				LD_RUNPATH_SEARCH_PATHS = (
					"$(inherited)",
					"@executable_path/Frameworks",
				);
				MARKETING_VERSION = 1.0;
				PRODUCT_BUNDLE_IDENTIFIER = "duman.emiralp.Shopping-App";
				PRODUCT_NAME = "$(TARGET_NAME)";
				SWIFT_EMIT_LOC_STRINGS = YES;
				SWIFT_VERSION = 5.0;
				TARGETED_DEVICE_FAMILY = "1,2";
			};
			name = Debug;
		};
		F39B4DAB290EF2C200F84F4A /* Release */ = {
			isa = XCBuildConfiguration;
			buildSettings = {
				ASSETCATALOG_COMPILER_APPICON_NAME = AppIcon;
				ASSETCATALOG_COMPILER_GLOBAL_ACCENT_COLOR_NAME = AccentColor;
				CODE_SIGN_STYLE = Automatic;
				CURRENT_PROJECT_VERSION = 1;
				DEVELOPMENT_TEAM = 44R27BB6SM;
				GENERATE_INFOPLIST_FILE = YES;
				INFOPLIST_FILE = "Shopping App/App/Plists/Info.plist";
				INFOPLIST_KEY_UIApplicationSupportsIndirectInputEvents = YES;
				INFOPLIST_KEY_UILaunchStoryboardName = LaunchScreen;
				INFOPLIST_KEY_UISupportedInterfaceOrientations_iPad = "UIInterfaceOrientationPortrait UIInterfaceOrientationPortraitUpsideDown UIInterfaceOrientationLandscapeLeft UIInterfaceOrientationLandscapeRight";
				INFOPLIST_KEY_UISupportedInterfaceOrientations_iPhone = "UIInterfaceOrientationPortrait UIInterfaceOrientationLandscapeLeft UIInterfaceOrientationLandscapeRight";
				IPHONEOS_DEPLOYMENT_TARGET = 12.0;
				LD_RUNPATH_SEARCH_PATHS = (
					"$(inherited)",
					"@executable_path/Frameworks",
				);
				MARKETING_VERSION = 1.0;
				PRODUCT_BUNDLE_IDENTIFIER = "duman.emiralp.Shopping-App";
				PRODUCT_NAME = "$(TARGET_NAME)";
				SWIFT_EMIT_LOC_STRINGS = YES;
				SWIFT_VERSION = 5.0;
				TARGETED_DEVICE_FAMILY = "1,2";
			};
			name = Release;
		};
/* End XCBuildConfiguration section */

/* Begin XCConfigurationList section */
		F39B4D90290EF2C100F84F4A /* Build configuration list for PBXProject "Shopping App" */ = {
			isa = XCConfigurationList;
			buildConfigurations = (
				F39B4DA7290EF2C200F84F4A /* Debug */,
				F39B4DA8290EF2C200F84F4A /* Release */,
			);
			defaultConfigurationIsVisible = 0;
			defaultConfigurationName = Release;
		};
		F39B4DA9290EF2C200F84F4A /* Build configuration list for PBXNativeTarget "Shopping App" */ = {
			isa = XCConfigurationList;
			buildConfigurations = (
				F39B4DAA290EF2C200F84F4A /* Debug */,
				F39B4DAB290EF2C200F84F4A /* Release */,
			);
			defaultConfigurationIsVisible = 0;
			defaultConfigurationName = Release;
		};
/* End XCConfigurationList section */

/* Begin XCRemoteSwiftPackageReference section */
		F34CC422291582E5000128FE /* XCRemoteSwiftPackageReference "firebase-ios-sdk" */ = {
			isa = XCRemoteSwiftPackageReference;
			repositoryURL = "https://github.com/firebase/firebase-ios-sdk";
			requirement = {
				kind = upToNextMajorVersion;
				minimumVersion = 9.0.0;
			};
		};
		F375781D29152EFE0017B045 /* XCRemoteSwiftPackageReference "realm-swift" */ = {
			isa = XCRemoteSwiftPackageReference;
			repositoryURL = "https://github.com/realm/realm-swift.git";
			requirement = {
				kind = exactVersion;
				version = 10.32.2;
			};
		};
		F39B4DBF290F1AAE00F84F4A /* XCRemoteSwiftPackageReference "SnapKit" */ = {
			isa = XCRemoteSwiftPackageReference;
			repositoryURL = "https://github.com/SnapKit/SnapKit.git";
			requirement = {
				kind = upToNextMajorVersion;
				minimumVersion = 5.0.0;
			};
		};
		F39B4DC629100D3800F84F4A /* XCRemoteSwiftPackageReference "Kingfisher" */ = {
			isa = XCRemoteSwiftPackageReference;
			repositoryURL = "https://github.com/onevcat/Kingfisher.git";
			requirement = {
				kind = upToNextMajorVersion;
				minimumVersion = 7.0.0;
			};
		};
/* End XCRemoteSwiftPackageReference section */

/* Begin XCSwiftPackageProductDependency section */
		F34CC423291582E5000128FE /* FirebaseAuth */ = {
			isa = XCSwiftPackageProductDependency;
			package = F34CC422291582E5000128FE /* XCRemoteSwiftPackageReference "firebase-ios-sdk" */;
			productName = FirebaseAuth;
		};
		F375781E29152EFF0017B045 /* Realm */ = {
			isa = XCSwiftPackageProductDependency;
			package = F375781D29152EFE0017B045 /* XCRemoteSwiftPackageReference "realm-swift" */;
			productName = Realm;
		};
		F375782029152EFF0017B045 /* RealmSwift */ = {
			isa = XCSwiftPackageProductDependency;
			package = F375781D29152EFE0017B045 /* XCRemoteSwiftPackageReference "realm-swift" */;
			productName = RealmSwift;
		};
		F39B4DC0290F1AAE00F84F4A /* SnapKit */ = {
			isa = XCSwiftPackageProductDependency;
			package = F39B4DBF290F1AAE00F84F4A /* XCRemoteSwiftPackageReference "SnapKit" */;
			productName = SnapKit;
		};
		F39B4DC729100D3800F84F4A /* Kingfisher */ = {
			isa = XCSwiftPackageProductDependency;
			package = F39B4DC629100D3800F84F4A /* XCRemoteSwiftPackageReference "Kingfisher" */;
			productName = Kingfisher;
		};
/* End XCSwiftPackageProductDependency section */
	};
	rootObject = F39B4D8D290EF2C100F84F4A /* Project object */;
}
